
Microsoft Visual Studio Solution File, Format Version 12.00
# Visual Studio 15
VisualStudioVersion = 15.0.28307.438
MinimumVisualStudioVersion = 10.0.40219.1
Project("{FAE04EC0-301F-11D3-BF4B-00C04F79EFBC}") = "folio", "folio\folio.csproj", "{08F72763-D717-429D-83F8-E2BECC0E4E40}"
EndProject
Global
	GlobalSection(SolutionConfigurationPlatforms) = preSolution
		Debug|Any CPU = Debug|Any CPU
		Release|Any CPU = Release|Any CPU
	EndGlobalSection
	GlobalSection(ProjectConfigurationPlatforms) = postSolution
		{08F72763-D717-429D-83F8-E2BECC0E4E40}.Debug|Any CPU.ActiveCfg = Debug|Any CPU
		{08F72763-D717-429D-83F8-E2BECC0E4E40}.Debug|Any CPU.Build.0 = Debug|Any CPU
		{08F72763-D717-429D-83F8-E2BECC0E4E40}.Release|Any CPU.ActiveCfg = Release|Any CPU
		{08F72763-D717-429D-83F8-E2BECC0E4E40}.Release|Any CPU.Build.0 = Release|Any CPU
	EndGlobalSection
	GlobalSection(SolutionProperties) = preSolution
		HideSolutionNode = FALSE
	EndGlobalSection
	GlobalSection(ExtensibilityGlobals) = postSolution
		SolutionGuid = {A8CB0595-8C9A-4A0A-B307-B5CF3EEFD7E9}
	EndGlobalSection
EndGlobal
